PODS:
  - FBSnapshotTestCase (2.0.2):
    - FBSnapshotTestCase/SwiftSupport (= 2.0.2)
  - FBSnapshotTestCase/Core (2.0.2)
  - FBSnapshotTestCase/SwiftSupport (2.0.2):
    - FBSnapshotTestCase/Core
  - MBProgressHUD (0.9.1)
  - ZLCommonMethod (0.1.0):
    - MBProgressHUD (~> 0.9.1)

DEPENDENCIES:
  - FBSnapshotTestCase
  - ZLCommonMethod (from `../`)

EXTERNAL SOURCES:
  ZLCommonMethod:
    :path: ../

SPEC CHECKSUMS:
  FBSnapshotTestCase: fd500d5b282c4ec60215d26d0b58b0cf271dd0d6
  MBProgressHUD: c47f2c166c126cf2ce36498d80f33e754d4e93ad
  ZLCommonMethod: 71332ac9c30768be041fcb766d88b4dcd44f1f5f

COCOAPODS: 0.36.0
